{
  "requires": true,
  "lockfileVersion": 1,
  "dependencies": {
    "angular-oauth2-oidc": {
      "version": "10.0.3",
      "resolved": "https://registry.npmjs.org/angular-oauth2-oidc/-/angular-oauth2-oidc-10.0.3.tgz",
      "integrity": "sha512-9wC8I3e3cN6rMBOlo5JB2y3Fd2erp8pJ67t4vEVzyPbnRG6BJ4rreSOznSL9zw/2SjhC9kRV2OfFie29CUCzEg==",
      "requires": {
        "tslib": "^2.0.0"
      }
    },
    "tslib": {
      "version": "2.3.0",
      "resolved": "https://registry.npmjs.org/tslib/-/tslib-2.3.0.tgz",
      "integrity": "sha512-N82ooyxVNm6h1riLCoyS9e3fuJ3AMG2zIZs2Gd1ATcSFjSA23Q0fzjjZeh0jbJvWVDZ0cJT8yaNNaaXHzueNjg=="
    }
  }
}
